Microsoft Visual Studio Solution File, Format Version 12.00
# Visual Studio 14
VisualStudioVersion = 14.0.22823.1
MinimumVisualStudioVersion = 10.0.40219.1
Project("{8BC9CEB8-8B4A-11D0-8D11-00A0C91BC942}") = "console_premultiply_png", "application\console_premultiply_png\console_premultiply_png.vcxproj", "{68D802E7-6C94-4F93-BC2A-7F5284B7D434}"
EndProject
Project("{8BC9CEB8-8B4A-11D0-8D11-00A0C91BC942}") = "console_test_harf_buzz", "application\console_test_harf_buzz\console_test_harf_buzz.vcxproj", "{F2637670-6C94-4F93-BC2A-7F5284B7D434}"
EndProject
Project("{8BC9CEB8-8B4A-11D0-8D11-00A0C91BC942}") = "render_glyph", "application\render_glyph\render_glyph.vcxproj", "{45130EE1-6C94-4F93-BC2A-7F5284B7D434}"
EndProject
Project("{8BC9CEB8-8B4A-11D0-8D11-00A0C91BC942}") = "render_target", "application\render_target\render_target.vcxproj", "{817C3DF8-6C94-4F93-BC2A-7F5284B7D434}"
EndProject
Project("{8BC9CEB8-8B4A-11D0-8D11-00A0C91BC942}") = "render_target_viewport", "application\render_target_viewport\render_target_viewport.vcxproj", "{4E8386FE-6C94-4F93-BC2A-7F5284B7D434}"
EndProject
Project("{8BC9CEB8-8B4A-11D0-8D11-00A0C91BC942}") = "render_text", "application\render_text\render_text.vcxproj", "{FBA23A1C-6C94-4F93-BC2A-7F5284B7D434}"
EndProject
Project("{8BC9CEB8-8B4A-11D0-8D11-00A0C91BC942}") = "render_texture", "application\render_texture\render_texture.vcxproj", "{51318CAF-6C94-4F93-BC2A-7F5284B7D434}"
EndProject
Project("{8BC9CEB8-8B4A-11D0-8D11-00A0C91BC942}") = "render_triangle", "application\render_triangle\render_triangle.vcxproj", "{B41DFBBE-6C94-4F93-BC2A-7F5284B7D434}"
EndProject
Project("{8BC9CEB8-8B4A-11D0-8D11-00A0C91BC942}") = "render_ui", "application\render_ui\render_ui.vcxproj", "{71320AF4-6C94-4F93-BC2A-7F5284B7D434}"
EndProject
Project("{8BC9CEB8-8B4A-11D0-8D11-00A0C91BC942}") = "render_ui_canvas", "application\render_ui_canvas\render_ui_canvas.vcxproj", "{0C55D7B2-6C94-4F93-BC2A-7F5284B7D434}"
EndProject
Project("{8BC9CEB8-8B4A-11D0-8D11-00A0C91BC942}") = "render_ui_chain", "application\render_ui_chain\render_ui_chain.vcxproj", "{181FDEF6-6C94-4F93-BC2A-7F5284B7D434}"
EndProject
Project("{8BC9CEB8-8B4A-11D0-8D11-00A0C91BC942}") = "render_ui_root_effect", "application\render_ui_root_effect\render_ui_root_effect.vcxproj", "{0C152C1E-6C94-4F93-BC2A-7F5284B7D434}"
EndProject
Project("{8BC9CEB8-8B4A-11D0-8D11-00A0C91BC942}") = "render_ui_stack", "application\render_ui_stack\render_ui_stack.vcxproj", "{7005F1B8-6C94-4F93-BC2A-7F5284B7D434}"
EndProject
Project("{8BC9CEB8-8B4A-11D0-8D11-00A0C91BC942}") = "render_unit_test", "application\render_unit_test\render_unit_test.vcxproj", "{D3952DB8-6C94-4F93-BC2A-7F5284B7D434}"
EndProject
Project("{8BC9CEB8-8B4A-11D0-8D11-00A0C91BC942}") = "render_version", "application\render_version\render_version.vcxproj", "{929FF9FA-6C94-4F93-BC2A-7F5284B7D434}"
EndProject
Project("{8BC9CEB8-8B4A-11D0-8D11-00A0C91BC942}") = "unit_test", "application\unit_test\unit_test.vcxproj", "{5B0ECA77-6C94-4F93-BC2A-7F5284B7D434}"
EndProject
Project("{8BC9CEB8-8B4A-11D0-8D11-00A0C91BC942}") = "dsc_common", "staticlib\dsc_common\dsc_common.vcxproj", "{84F84FC5-6C94-4F93-BC2A-7F5284B7D434}"
EndProject
Project("{8BC9CEB8-8B4A-11D0-8D11-00A0C91BC942}") = "dsc_dag", "staticlib\dsc_dag\dsc_dag.vcxproj", "{DC1202D0-6C94-4F93-BC2A-7F5284B7D434}"
EndProject
Project("{8BC9CEB8-8B4A-11D0-8D11-00A0C91BC942}") = "dsc_dag_render", "staticlib\dsc_dag_render\dsc_dag_render.vcxproj", "{6EACFF0D-6C94-4F93-BC2A-7F5284B7D434}"
EndProject
Project("{8BC9CEB8-8B4A-11D0-8D11-00A0C91BC942}") = "dsc_locale", "staticlib\dsc_locale\dsc_locale.vcxproj", "{FB836DEC-6C94-4F93-BC2A-7F5284B7D434}"
EndProject
Project("{8BC9CEB8-8B4A-11D0-8D11-00A0C91BC942}") = "dsc_onscreen_version", "staticlib\dsc_onscreen_version\dsc_onscreen_version.vcxproj", "{4E8FF1E7-6C94-4F93-BC2A-7F5284B7D434}"
EndProject
Project("{8BC9CEB8-8B4A-11D0-8D11-00A0C91BC942}") = "dsc_png", "staticlib\dsc_png\dsc_png.vcxproj", "{3F637C94-6C94-4F93-BC2A-7F5284B7D434}"
EndProject
Project("{8BC9CEB8-8B4A-11D0-8D11-00A0C91BC942}") = "dsc_render", "staticlib\dsc_render\dsc_render.vcxproj", "{C8FD9BC9-6C94-4F93-BC2A-7F5284B7D434}"
EndProject
Project("{8BC9CEB8-8B4A-11D0-8D11-00A0C91BC942}") = "dsc_render_resource", "staticlib\dsc_render_resource\dsc_render_resource.vcxproj", "{8E5DB12D-6C94-4F93-BC2A-7F5284B7D434}"
EndProject
Project("{8BC9CEB8-8B4A-11D0-8D11-00A0C91BC942}") = "dsc_text", "staticlib\dsc_text\dsc_text.vcxproj", "{EA12BD98-6C94-4F93-BC2A-7F5284B7D434}"
EndProject
Project("{8BC9CEB8-8B4A-11D0-8D11-00A0C91BC942}") = "dsc_ui", "staticlib\dsc_ui\dsc_ui.vcxproj", "{0162C302-6C94-4F93-BC2A-7F5284B7D434}"
EndProject
Project("{8BC9CEB8-8B4A-11D0-8D11-00A0C91BC942}") = "dsc_version", "staticlib\dsc_version\dsc_version.vcxproj", "{10C90518-6C94-4F93-BC2A-7F5284B7D434}"
EndProject
Project("{8BC9CEB8-8B4A-11D0-8D11-00A0C91BC942}") = "dsc_windows", "staticlib\dsc_windows\dsc_windows.vcxproj", "{9A116E39-6C94-4F93-BC2A-7F5284B7D434}"
EndProject
Project("{2150E333-8FDC-42A3-9474-1A3956D46DE8}") = "application", "application", "{A45BDDC1-6C94-4F93-BC2A-7F5284B7D434}"
EndProject
Project("{2150E333-8FDC-42A3-9474-1A3956D46DE8}") = "parent", "parent", "{3D8E604F-6C94-4F93-BC2A-7F5284B7D434}"
	ProjectSection(SolutionItems) = preProject
		..\.gitignore = ..\.gitignore
		..\README.md = ..\README.md
		..\Reset.cmd = ..\Reset.cmd
		..\backup_copy_d_drive.cmd = ..\backup_copy_d_drive.cmd
		..\backup_copy_e_drive.cmd = ..\backup_copy_e_drive.cmd
		..\cmd_here.cmd = ..\cmd_here.cmd
		..\commit.cmd = ..\commit.cmd
		..\launch_visual_studio_code.cmd = ..\launch_visual_studio_code.cmd
		..\notes.txt = ..\notes.txt
		..\sync.cmd = ..\sync.cmd
	EndProjectSection
EndProject
Project("{2150E333-8FDC-42A3-9474-1A3956D46DE8}") = "design", "design", "{B3B4836B-6C94-4F93-BC2A-7F5284B7D434}"
	ProjectSection(SolutionItems) = preProject
		..\design\rpg_legendary_quest_00.txt = ..\design\rpg_legendary_quest_00.txt
		..\design\rpg_succubus_survival_00.txt = ..\design\rpg_succubus_survival_00.txt
		..\design\rts_mold_00.txt = ..\design\rts_mold_00.txt
		..\design\sandbox_jank_00.txt = ..\design\sandbox_jank_00.txt
	EndProjectSection
EndProject
Project("{2150E333-8FDC-42A3-9474-1A3956D46DE8}") = "script", "script", "{627A5E61-6C94-4F93-BC2A-7F5284B7D434}"
EndProject
Project("{2150E333-8FDC-42A3-9474-1A3956D46DE8}") = "hunts_goblins", "hunts_goblins", "{F8CA7C86-6C94-4F93-BC2A-7F5284B7D434}"
	ProjectSection(SolutionItems) = preProject
		..\script\hunts_goblins\draft00.txt = ..\script\hunts_goblins\draft00.txt
		..\script\hunts_goblins\draft01.txt = ..\script\hunts_goblins\draft01.txt
	EndProjectSection
EndProject
Project("{2150E333-8FDC-42A3-9474-1A3956D46DE8}") = "trailer_bridge_archer", "trailer_bridge_archer", "{DF23EBBD-6C94-4F93-BC2A-7F5284B7D434}"
	ProjectSection(SolutionItems) = preProject
		..\script\trailer_bridge_archer\draft00.txt = ..\script\trailer_bridge_archer\draft00.txt
	EndProjectSection
EndProject
Project("{2150E333-8FDC-42A3-9474-1A3956D46DE8}") = "trailer_explorer_loop", "trailer_explorer_loop", "{BA60CBFD-6C94-4F93-BC2A-7F5284B7D434}"
	ProjectSection(SolutionItems) = preProject
		..\script\trailer_explorer_loop\draft00.txt = ..\script\trailer_explorer_loop\draft00.txt
	EndProjectSection
EndProject
Project("{2150E333-8FDC-42A3-9474-1A3956D46DE8}") = "solution_items", "solution_items", "{CBDF0CCA-6C94-4F93-BC2A-7F5284B7D434}"
	ProjectSection(SolutionItems) = preProject
		dsc.bff = dsc.bff
		dsc.cmd = dsc.cmd
		todo.txt = todo.txt
	EndProjectSection
EndProject
Project("{2150E333-8FDC-42A3-9474-1A3956D46DE8}") = "application", "application", "{A9795628-6C94-4F93-BC2A-7F5284B7D434}"
	ProjectSection(SolutionItems) = preProject
		application\dsc.bff = application\dsc.bff
	EndProjectSection
EndProject
Project("{2150E333-8FDC-42A3-9474-1A3956D46DE8}") = "console_premultiply_png", "console_premultiply_png", "{F58DD578-6C94-4F93-BC2A-7F5284B7D434}"
	ProjectSection(SolutionItems) = preProject
		application\console_premultiply_png\dsc.bff = application\console_premultiply_png\dsc.bff
	EndProjectSection
EndProject
Project("{2150E333-8FDC-42A3-9474-1A3956D46DE8}") = "console_test_harf_buzz", "console_test_harf_buzz", "{5ED5FB3C-6C94-4F93-BC2A-7F5284B7D434}"
	ProjectSection(SolutionItems) = preProject
		application\console_test_harf_buzz\dsc.bff = application\console_test_harf_buzz\dsc.bff
	EndProjectSection
EndProject
Project("{2150E333-8FDC-42A3-9474-1A3956D46DE8}") = "render_glyph", "render_glyph", "{22BED631-6C94-4F93-BC2A-7F5284B7D434}"
	ProjectSection(SolutionItems) = preProject
		application\render_glyph\dsc.bff = application\render_glyph\dsc.bff
	EndProjectSection
EndProject
Project("{2150E333-8FDC-42A3-9474-1A3956D46DE8}") = "render_target", "render_target", "{D2821C79-6C94-4F93-BC2A-7F5284B7D434}"
	ProjectSection(SolutionItems) = preProject
		application\render_target\dsc.bff = application\render_target\dsc.bff
	EndProjectSection
EndProject
Project("{2150E333-8FDC-42A3-9474-1A3956D46DE8}") = "render_target_viewport", "render_target_viewport", "{79863CDB-6C94-4F93-BC2A-7F5284B7D434}"
	ProjectSection(SolutionItems) = preProject
		application\render_target_viewport\dsc.bff = application\render_target_viewport\dsc.bff
	EndProjectSection
EndProject
Project("{2150E333-8FDC-42A3-9474-1A3956D46DE8}") = "render_text", "render_text", "{E0A1CE5E-6C94-4F93-BC2A-7F5284B7D434}"
	ProjectSection(SolutionItems) = preProject
		application\render_text\dsc.bff = application\render_text\dsc.bff
	EndProjectSection
EndProject
Project("{2150E333-8FDC-42A3-9474-1A3956D46DE8}") = "render_texture", "render_texture", "{1F2097EE-6C94-4F93-BC2A-7F5284B7D434}"
	ProjectSection(SolutionItems) = preProject
		application\render_texture\dsc.bff = application\render_texture\dsc.bff
	EndProjectSection
EndProject
Project("{2150E333-8FDC-42A3-9474-1A3956D46DE8}") = "render_triangle", "render_triangle", "{26B3F472-6C94-4F93-BC2A-7F5284B7D434}"
	ProjectSection(SolutionItems) = preProject
		application\render_triangle\dsc.bff = application\render_triangle\dsc.bff
	EndProjectSection
EndProject
Project("{2150E333-8FDC-42A3-9474-1A3956D46DE8}") = "render_ui", "render_ui", "{E3DCFBFE-6C94-4F93-BC2A-7F5284B7D434}"
	ProjectSection(SolutionItems) = preProject
		application\render_ui\dsc.bff = application\render_ui\dsc.bff
	EndProjectSection
EndProject
Project("{2150E333-8FDC-42A3-9474-1A3956D46DE8}") = "render_ui_canvas", "render_ui_canvas", "{9F775F4B-6C94-4F93-BC2A-7F5284B7D434}"
	ProjectSection(SolutionItems) = preProject
		application\render_ui_canvas\dsc.bff = application\render_ui_canvas\dsc.bff
	EndProjectSection
EndProject
Project("{2150E333-8FDC-42A3-9474-1A3956D46DE8}") = "render_ui_chain", "render_ui_chain", "{EC6085AB-6C94-4F93-BC2A-7F5284B7D434}"
	ProjectSection(SolutionItems) = preProject
		application\render_ui_chain\dsc.bff = application\render_ui_chain\dsc.bff
	EndProjectSection
EndProject
Project("{2150E333-8FDC-42A3-9474-1A3956D46DE8}") = "render_ui_root_effect", "render_ui_root_effect", "{8BAFC006-6C94-4F93-BC2A-7F5284B7D434}"
	ProjectSection(SolutionItems) = preProject
		application\render_ui_root_effect\dsc.bff = application\render_ui_root_effect\dsc.bff
	EndProjectSection
EndProject
Project("{2150E333-8FDC-42A3-9474-1A3956D46DE8}") = "render_ui_stack", "render_ui_stack", "{1CCAE60B-6C94-4F93-BC2A-7F5284B7D434}"
	ProjectSection(SolutionItems) = preProject
		application\render_ui_stack\dsc.bff = application\render_ui_stack\dsc.bff
	EndProjectSection
EndProject
Project("{2150E333-8FDC-42A3-9474-1A3956D46DE8}") = "render_unit_test", "render_unit_test", "{9997BD5C-6C94-4F93-BC2A-7F5284B7D434}"
	ProjectSection(SolutionItems) = preProject
		application\render_unit_test\dsc.bff = application\render_unit_test\dsc.bff
	EndProjectSection
EndProject
Project("{2150E333-8FDC-42A3-9474-1A3956D46DE8}") = "render_version", "render_version", "{225A495F-6C94-4F93-BC2A-7F5284B7D434}"
	ProjectSection(SolutionItems) = preProject
		application\render_version\dsc.bff = application\render_version\dsc.bff
	EndProjectSection
EndProject
Project("{2150E333-8FDC-42A3-9474-1A3956D46DE8}") = "unit_test", "unit_test", "{CEFCE296-6C94-4F93-BC2A-7F5284B7D434}"
	ProjectSection(SolutionItems) = preProject
		application\unit_test\dsc.bff = application\unit_test\dsc.bff
	EndProjectSection
EndProject
Project("{2150E333-8FDC-42A3-9474-1A3956D46DE8}") = "fbuild", "fbuild", "{6970340D-6C94-4F93-BC2A-7F5284B7D434}"
	ProjectSection(SolutionItems) = preProject
		fbuild\dsc.bff = fbuild\dsc.bff
	EndProjectSection
EndProject
Project("{2150E333-8FDC-42A3-9474-1A3956D46DE8}") = "visualstudio", "visualstudio", "{F38DCC4D-6C94-4F93-BC2A-7F5284B7D434}"
	ProjectSection(SolutionItems) = preProject
		fbuild\visualstudio\visualstudio.bff = fbuild\visualstudio\visualstudio.bff
		fbuild\visualstudio\vs2019.bff = fbuild\visualstudio\vs2019.bff
		fbuild\visualstudio\vs2022.bff = fbuild\visualstudio\vs2022.bff
	EndProjectSection
EndProject
Project("{2150E333-8FDC-42A3-9474-1A3956D46DE8}") = "windows", "windows", "{4109EF68-6C94-4F93-BC2A-7F5284B7D434}"
	ProjectSection(SolutionItems) = preProject
		fbuild\windows\windows.bff = fbuild\windows\windows.bff
		fbuild\windows\windows10sdk.bff = fbuild\windows\windows10sdk.bff
	EndProjectSection
EndProject
Project("{2150E333-8FDC-42A3-9474-1A3956D46DE8}") = "notes", "notes", "{9BF93803-6C94-4F93-BC2A-7F5284B7D434}"
	ProjectSection(SolutionItems) = preProject
		notes\notes.txt = notes\notes.txt
		notes\ui.txt = notes\ui.txt
	EndProjectSection
EndProject
Project("{2150E333-8FDC-42A3-9474-1A3956D46DE8}") = "staticlib", "staticlib", "{6F950BFE-6C94-4F93-BC2A-7F5284B7D434}"
	ProjectSection(SolutionItems) = preProject
		staticlib\dsc.bff = staticlib\dsc.bff
	EndProjectSection
EndProject
Project("{2150E333-8FDC-42A3-9474-1A3956D46DE8}") = "dsc_common", "dsc_common", "{7D4A481A-6C94-4F93-BC2A-7F5284B7D434}"
	ProjectSection(SolutionItems) = preProject
		staticlib\dsc_common\dsc.bff = staticlib\dsc_common\dsc.bff
	EndProjectSection
EndProject
Project("{2150E333-8FDC-42A3-9474-1A3956D46DE8}") = "dsc_dag", "dsc_dag", "{86D9C41F-6C94-4F93-BC2A-7F5284B7D434}"
	ProjectSection(SolutionItems) = preProject
		staticlib\dsc_dag\dsc.bff = staticlib\dsc_dag\dsc.bff
	EndProjectSection
EndProject
Project("{2150E333-8FDC-42A3-9474-1A3956D46DE8}") = "dsc_dag_render", "dsc_dag_render", "{3A573AA3-6C94-4F93-BC2A-7F5284B7D434}"
	ProjectSection(SolutionItems) = preProject
		staticlib\dsc_dag_render\dsc.bff = staticlib\dsc_dag_render\dsc.bff
	EndProjectSection
EndProject
Project("{2150E333-8FDC-42A3-9474-1A3956D46DE8}") = "dsc_locale", "dsc_locale", "{D926FED3-6C94-4F93-BC2A-7F5284B7D434}"
	ProjectSection(SolutionItems) = preProject
		staticlib\dsc_locale\dsc.bff = staticlib\dsc_locale\dsc.bff
	EndProjectSection
EndProject
Project("{2150E333-8FDC-42A3-9474-1A3956D46DE8}") = "dsc_onscreen_version", "dsc_onscreen_version", "{7637C979-6C94-4F93-BC2A-7F5284B7D434}"
	ProjectSection(SolutionItems) = preProject
		staticlib\dsc_onscreen_version\dsc.bff = staticlib\dsc_onscreen_version\dsc.bff
	EndProjectSection
EndProject
Project("{2150E333-8FDC-42A3-9474-1A3956D46DE8}") = "dsc_png", "dsc_png", "{1A6ED37C-6C94-4F93-BC2A-7F5284B7D434}"
	ProjectSection(SolutionItems) = preProject
		staticlib\dsc_png\dsc.bff = staticlib\dsc_png\dsc.bff
	EndProjectSection
EndProject
Project("{2150E333-8FDC-42A3-9474-1A3956D46DE8}") = "dsc_render", "dsc_render", "{0CFAA121-6C94-4F93-BC2A-7F5284B7D434}"
	ProjectSection(SolutionItems) = preProject
		staticlib\dsc_render\dsc.bff = staticlib\dsc_render\dsc.bff
	EndProjectSection
EndProject
Project("{2150E333-8FDC-42A3-9474-1A3956D46DE8}") = "dsc_render_resource", "dsc_render_resource", "{D6F06568-6C94-4F93-BC2A-7F5284B7D434}"
	ProjectSection(SolutionItems) = preProject
		staticlib\dsc_render_resource\dsc.bff = staticlib\dsc_render_resource\dsc.bff
	EndProjectSection
EndProject
Project("{2150E333-8FDC-42A3-9474-1A3956D46DE8}") = "dsc_text", "dsc_text", "{92AE7F44-6C94-4F93-BC2A-7F5284B7D434}"
	ProjectSection(SolutionItems) = preProject
		staticlib\dsc_text\dsc.bff = staticlib\dsc_text\dsc.bff
	EndProjectSection
EndProject
Project("{2150E333-8FDC-42A3-9474-1A3956D46DE8}") = "dsc_ui", "dsc_ui", "{587E10B3-6C94-4F93-BC2A-7F5284B7D434}"
	ProjectSection(SolutionItems) = preProject
		staticlib\dsc_ui\dsc.bff = staticlib\dsc_ui\dsc.bff
	EndProjectSection
EndProject
Project("{2150E333-8FDC-42A3-9474-1A3956D46DE8}") = "dsc_version", "dsc_version", "{5E8AEDE3-6C94-4F93-BC2A-7F5284B7D434}"
	ProjectSection(SolutionItems) = preProject
		staticlib\dsc_version\dsc.bff = staticlib\dsc_version\dsc.bff
	EndProjectSection
EndProject
Project("{2150E333-8FDC-42A3-9474-1A3956D46DE8}") = "dsc_version", "dsc_version", "{EC5266E1-6C94-4F93-BC2A-7F5284B7D434}"
	ProjectSection(SolutionItems) = preProject
		staticlib\dsc_version\dsc_version\git_revision.txt = staticlib\dsc_version\dsc_version\git_revision.txt
		staticlib\dsc_version\dsc_version\timestamp.txt = staticlib\dsc_version\dsc_version\timestamp.txt
	EndProjectSection
EndProject
Project("{2150E333-8FDC-42A3-9474-1A3956D46DE8}") = "dsc_windows", "dsc_windows", "{0271BBBB-6C94-4F93-BC2A-7F5284B7D434}"
	ProjectSection(SolutionItems) = preProject
		staticlib\dsc_windows\dsc.bff = staticlib\dsc_windows\dsc.bff
	EndProjectSection
EndProject
Project("{2150E333-8FDC-42A3-9474-1A3956D46DE8}") = "staticlib", "staticlib", "{51B0D35D-6C94-4F93-BC2A-7F5284B7D434}"
EndProject
Global
	GlobalSection(SolutionConfigurationPlatforms) = preSolution
		Debug|x64 = Debug|x64
		Release|x64 = Release|x64
	EndGlobalSection
	GlobalSection(ProjectConfigurationPlatforms) = postSolution
		{68D802E7-6C94-4F93-BC2A-7F5284B7D434}.Debug|x64.ActiveCfg = Debug|x64
		{68D802E7-6C94-4F93-BC2A-7F5284B7D434}.Release|x64.ActiveCfg = Release|x64
		{F2637670-6C94-4F93-BC2A-7F5284B7D434}.Debug|x64.ActiveCfg = Debug|x64
		{F2637670-6C94-4F93-BC2A-7F5284B7D434}.Release|x64.ActiveCfg = Release|x64
		{45130EE1-6C94-4F93-BC2A-7F5284B7D434}.Debug|x64.ActiveCfg = Debug|x64
		{45130EE1-6C94-4F93-BC2A-7F5284B7D434}.Release|x64.ActiveCfg = Release|x64
		{817C3DF8-6C94-4F93-BC2A-7F5284B7D434}.Debug|x64.ActiveCfg = Debug|x64
		{817C3DF8-6C94-4F93-BC2A-7F5284B7D434}.Release|x64.ActiveCfg = Release|x64
		{4E8386FE-6C94-4F93-BC2A-7F5284B7D434}.Debug|x64.ActiveCfg = Debug|x64
		{4E8386FE-6C94-4F93-BC2A-7F5284B7D434}.Release|x64.ActiveCfg = Release|x64
		{FBA23A1C-6C94-4F93-BC2A-7F5284B7D434}.Debug|x64.ActiveCfg = Debug|x64
		{FBA23A1C-6C94-4F93-BC2A-7F5284B7D434}.Release|x64.ActiveCfg = Release|x64
		{51318CAF-6C94-4F93-BC2A-7F5284B7D434}.Debug|x64.ActiveCfg = Debug|x64
		{51318CAF-6C94-4F93-BC2A-7F5284B7D434}.Release|x64.ActiveCfg = Release|x64
		{B41DFBBE-6C94-4F93-BC2A-7F5284B7D434}.Debug|x64.ActiveCfg = Debug|x64
		{B41DFBBE-6C94-4F93-BC2A-7F5284B7D434}.Release|x64.ActiveCfg = Release|x64
		{71320AF4-6C94-4F93-BC2A-7F5284B7D434}.Debug|x64.ActiveCfg = Debug|x64
		{71320AF4-6C94-4F93-BC2A-7F5284B7D434}.Debug|x64.Build.0 = Debug|x64
		{71320AF4-6C94-4F93-BC2A-7F5284B7D434}.Debug|x64.Deploy.0 = Debug|x64
		{71320AF4-6C94-4F93-BC2A-7F5284B7D434}.Release|x64.ActiveCfg = Release|x64
		{71320AF4-6C94-4F93-BC2A-7F5284B7D434}.Release|x64.Build.0 = Release|x64
		{71320AF4-6C94-4F93-BC2A-7F5284B7D434}.Release|x64.Deploy.0 = Release|x64
		{0C55D7B2-6C94-4F93-BC2A-7F5284B7D434}.Debug|x64.ActiveCfg = Debug|x64
		{0C55D7B2-6C94-4F93-BC2A-7F5284B7D434}.Release|x64.ActiveCfg = Release|x64
		{181FDEF6-6C94-4F93-BC2A-7F5284B7D434}.Debug|x64.ActiveCfg = Debug|x64
		{181FDEF6-6C94-4F93-BC2A-7F5284B7D434}.Release|x64.ActiveCfg = Release|x64
		{0C152C1E-6C94-4F93-BC2A-7F5284B7D434}.Debug|x64.ActiveCfg = Debug|x64
		{0C152C1E-6C94-4F93-BC2A-7F5284B7D434}.Release|x64.ActiveCfg = Release|x64
		{7005F1B8-6C94-4F93-BC2A-7F5284B7D434}.Debug|x64.ActiveCfg = Debug|x64
		{7005F1B8-6C94-4F93-BC2A-7F5284B7D434}.Release|x64.ActiveCfg = Release|x64
		{D3952DB8-6C94-4F93-BC2A-7F5284B7D434}.Debug|x64.ActiveCfg = Debug|x64
		{D3952DB8-6C94-4F93-BC2A-7F5284B7D434}.Release|x64.ActiveCfg = Release|x64
		{929FF9FA-6C94-4F93-BC2A-7F5284B7D434}.Debug|x64.ActiveCfg = Debug|x64
		{929FF9FA-6C94-4F93-BC2A-7F5284B7D434}.Release|x64.ActiveCfg = Release|x64
		{5B0ECA77-6C94-4F93-BC2A-7F5284B7D434}.Debug|x64.ActiveCfg = Debug|x64
		{5B0ECA77-6C94-4F93-BC2A-7F5284B7D434}.Release|x64.ActiveCfg = Release|x64
		{84F84FC5-6C94-4F93-BC2A-7F5284B7D434}.Debug|x64.ActiveCfg = Debug|x64
		{84F84FC5-6C94-4F93-BC2A-7F5284B7D434}.Release|x64.ActiveCfg = Release|x64
		{DC1202D0-6C94-4F93-BC2A-7F5284B7D434}.Debug|x64.ActiveCfg = Debug|x64
		{DC1202D0-6C94-4F93-BC2A-7F5284B7D434}.Release|x64.ActiveCfg = Release|x64
		{6EACFF0D-6C94-4F93-BC2A-7F5284B7D434}.Debug|x64.ActiveCfg = Debug|x64
		{6EACFF0D-6C94-4F93-BC2A-7F5284B7D434}.Release|x64.ActiveCfg = Release|x64
		{FB836DEC-6C94-4F93-BC2A-7F5284B7D434}.Debug|x64.ActiveCfg = Debug|x64
		{FB836DEC-6C94-4F93-BC2A-7F5284B7D434}.Release|x64.ActiveCfg = Release|x64
		{4E8FF1E7-6C94-4F93-BC2A-7F5284B7D434}.Debug|x64.ActiveCfg = Debug|x64
		{4E8FF1E7-6C94-4F93-BC2A-7F5284B7D434}.Release|x64.ActiveCfg = Release|x64
		{3F637C94-6C94-4F93-BC2A-7F5284B7D434}.Debug|x64.ActiveCfg = Debug|x64
		{3F637C94-6C94-4F93-BC2A-7F5284B7D434}.Release|x64.ActiveCfg = Release|x64
		{C8FD9BC9-6C94-4F93-BC2A-7F5284B7D434}.Debug|x64.ActiveCfg = Debug|x64
		{C8FD9BC9-6C94-4F93-BC2A-7F5284B7D434}.Release|x64.ActiveCfg = Release|x64
		{8E5DB12D-6C94-4F93-BC2A-7F5284B7D434}.Debug|x64.ActiveCfg = Debug|x64
		{8E5DB12D-6C94-4F93-BC2A-7F5284B7D434}.Release|x64.ActiveCfg = Release|x64
		{EA12BD98-6C94-4F93-BC2A-7F5284B7D434}.Debug|x64.ActiveCfg = Debug|x64
		{EA12BD98-6C94-4F93-BC2A-7F5284B7D434}.Release|x64.ActiveCfg = Release|x64
		{0162C302-6C94-4F93-BC2A-7F5284B7D434}.Debug|x64.ActiveCfg = Debug|x64
		{0162C302-6C94-4F93-BC2A-7F5284B7D434}.Release|x64.ActiveCfg = Release|x64
		{10C90518-6C94-4F93-BC2A-7F5284B7D434}.Debug|x64.ActiveCfg = Debug|x64
		{10C90518-6C94-4F93-BC2A-7F5284B7D434}.Release|x64.ActiveCfg = Release|x64
		{9A116E39-6C94-4F93-BC2A-7F5284B7D434}.Debug|x64.ActiveCfg = Debug|x64
		{9A116E39-6C94-4F93-BC2A-7F5284B7D434}.Release|x64.ActiveCfg = Release|x64
	EndGlobalSection
	GlobalSection(SolutionProperties) = preSolution
		HideSolutionNode = FALSE
	EndGlobalSection
	GlobalSection(NestedProjects) = preSolution
		{68D802E7-6C94-4F93-BC2A-7F5284B7D434} = {A45BDDC1-6C94-4F93-BC2A-7F5284B7D434}
		{F2637670-6C94-4F93-BC2A-7F5284B7D434} = {A45BDDC1-6C94-4F93-BC2A-7F5284B7D434}
		{45130EE1-6C94-4F93-BC2A-7F5284B7D434} = {A45BDDC1-6C94-4F93-BC2A-7F5284B7D434}
		{817C3DF8-6C94-4F93-BC2A-7F5284B7D434} = {A45BDDC1-6C94-4F93-BC2A-7F5284B7D434}
		{4E8386FE-6C94-4F93-BC2A-7F5284B7D434} = {A45BDDC1-6C94-4F93-BC2A-7F5284B7D434}
		{FBA23A1C-6C94-4F93-BC2A-7F5284B7D434} = {A45BDDC1-6C94-4F93-BC2A-7F5284B7D434}
		{51318CAF-6C94-4F93-BC2A-7F5284B7D434} = {A45BDDC1-6C94-4F93-BC2A-7F5284B7D434}
		{B41DFBBE-6C94-4F93-BC2A-7F5284B7D434} = {A45BDDC1-6C94-4F93-BC2A-7F5284B7D434}
		{71320AF4-6C94-4F93-BC2A-7F5284B7D434} = {A45BDDC1-6C94-4F93-BC2A-7F5284B7D434}
		{0C55D7B2-6C94-4F93-BC2A-7F5284B7D434} = {A45BDDC1-6C94-4F93-BC2A-7F5284B7D434}
		{181FDEF6-6C94-4F93-BC2A-7F5284B7D434} = {A45BDDC1-6C94-4F93-BC2A-7F5284B7D434}
		{0C152C1E-6C94-4F93-BC2A-7F5284B7D434} = {A45BDDC1-6C94-4F93-BC2A-7F5284B7D434}
		{7005F1B8-6C94-4F93-BC2A-7F5284B7D434} = {A45BDDC1-6C94-4F93-BC2A-7F5284B7D434}
		{D3952DB8-6C94-4F93-BC2A-7F5284B7D434} = {A45BDDC1-6C94-4F93-BC2A-7F5284B7D434}
		{929FF9FA-6C94-4F93-BC2A-7F5284B7D434} = {A45BDDC1-6C94-4F93-BC2A-7F5284B7D434}
		{5B0ECA77-6C94-4F93-BC2A-7F5284B7D434} = {A45BDDC1-6C94-4F93-BC2A-7F5284B7D434}
		{84F84FC5-6C94-4F93-BC2A-7F5284B7D434} = {51B0D35D-6C94-4F93-BC2A-7F5284B7D434}
		{DC1202D0-6C94-4F93-BC2A-7F5284B7D434} = {51B0D35D-6C94-4F93-BC2A-7F5284B7D434}
		{6EACFF0D-6C94-4F93-BC2A-7F5284B7D434} = {51B0D35D-6C94-4F93-BC2A-7F5284B7D434}
		{FB836DEC-6C94-4F93-BC2A-7F5284B7D434} = {51B0D35D-6C94-4F93-BC2A-7F5284B7D434}
		{4E8FF1E7-6C94-4F93-BC2A-7F5284B7D434} = {51B0D35D-6C94-4F93-BC2A-7F5284B7D434}
		{3F637C94-6C94-4F93-BC2A-7F5284B7D434} = {51B0D35D-6C94-4F93-BC2A-7F5284B7D434}
		{C8FD9BC9-6C94-4F93-BC2A-7F5284B7D434} = {51B0D35D-6C94-4F93-BC2A-7F5284B7D434}
		{8E5DB12D-6C94-4F93-BC2A-7F5284B7D434} = {51B0D35D-6C94-4F93-BC2A-7F5284B7D434}
		{EA12BD98-6C94-4F93-BC2A-7F5284B7D434} = {51B0D35D-6C94-4F93-BC2A-7F5284B7D434}
		{0162C302-6C94-4F93-BC2A-7F5284B7D434} = {51B0D35D-6C94-4F93-BC2A-7F5284B7D434}
		{10C90518-6C94-4F93-BC2A-7F5284B7D434} = {51B0D35D-6C94-4F93-BC2A-7F5284B7D434}
		{9A116E39-6C94-4F93-BC2A-7F5284B7D434} = {51B0D35D-6C94-4F93-BC2A-7F5284B7D434}
		{B3B4836B-6C94-4F93-BC2A-7F5284B7D434} = {3D8E604F-6C94-4F93-BC2A-7F5284B7D434}
		{627A5E61-6C94-4F93-BC2A-7F5284B7D434} = {3D8E604F-6C94-4F93-BC2A-7F5284B7D434}
		{F8CA7C86-6C94-4F93-BC2A-7F5284B7D434} = {627A5E61-6C94-4F93-BC2A-7F5284B7D434}
		{DF23EBBD-6C94-4F93-BC2A-7F5284B7D434} = {627A5E61-6C94-4F93-BC2A-7F5284B7D434}
		{BA60CBFD-6C94-4F93-BC2A-7F5284B7D434} = {627A5E61-6C94-4F93-BC2A-7F5284B7D434}
		{A9795628-6C94-4F93-BC2A-7F5284B7D434} = {CBDF0CCA-6C94-4F93-BC2A-7F5284B7D434}
		{F58DD578-6C94-4F93-BC2A-7F5284B7D434} = {A9795628-6C94-4F93-BC2A-7F5284B7D434}
		{5ED5FB3C-6C94-4F93-BC2A-7F5284B7D434} = {A9795628-6C94-4F93-BC2A-7F5284B7D434}
		{22BED631-6C94-4F93-BC2A-7F5284B7D434} = {A9795628-6C94-4F93-BC2A-7F5284B7D434}
		{D2821C79-6C94-4F93-BC2A-7F5284B7D434} = {A9795628-6C94-4F93-BC2A-7F5284B7D434}
		{79863CDB-6C94-4F93-BC2A-7F5284B7D434} = {A9795628-6C94-4F93-BC2A-7F5284B7D434}
		{E0A1CE5E-6C94-4F93-BC2A-7F5284B7D434} = {A9795628-6C94-4F93-BC2A-7F5284B7D434}
		{1F2097EE-6C94-4F93-BC2A-7F5284B7D434} = {A9795628-6C94-4F93-BC2A-7F5284B7D434}
		{26B3F472-6C94-4F93-BC2A-7F5284B7D434} = {A9795628-6C94-4F93-BC2A-7F5284B7D434}
		{E3DCFBFE-6C94-4F93-BC2A-7F5284B7D434} = {A9795628-6C94-4F93-BC2A-7F5284B7D434}
		{9F775F4B-6C94-4F93-BC2A-7F5284B7D434} = {A9795628-6C94-4F93-BC2A-7F5284B7D434}
		{EC6085AB-6C94-4F93-BC2A-7F5284B7D434} = {A9795628-6C94-4F93-BC2A-7F5284B7D434}
		{8BAFC006-6C94-4F93-BC2A-7F5284B7D434} = {A9795628-6C94-4F93-BC2A-7F5284B7D434}
		{1CCAE60B-6C94-4F93-BC2A-7F5284B7D434} = {A9795628-6C94-4F93-BC2A-7F5284B7D434}
		{9997BD5C-6C94-4F93-BC2A-7F5284B7D434} = {A9795628-6C94-4F93-BC2A-7F5284B7D434}
		{225A495F-6C94-4F93-BC2A-7F5284B7D434} = {A9795628-6C94-4F93-BC2A-7F5284B7D434}
		{CEFCE296-6C94-4F93-BC2A-7F5284B7D434} = {A9795628-6C94-4F93-BC2A-7F5284B7D434}
		{6970340D-6C94-4F93-BC2A-7F5284B7D434} = {CBDF0CCA-6C94-4F93-BC2A-7F5284B7D434}
		{F38DCC4D-6C94-4F93-BC2A-7F5284B7D434} = {6970340D-6C94-4F93-BC2A-7F5284B7D434}
		{4109EF68-6C94-4F93-BC2A-7F5284B7D434} = {6970340D-6C94-4F93-BC2A-7F5284B7D434}
		{9BF93803-6C94-4F93-BC2A-7F5284B7D434} = {CBDF0CCA-6C94-4F93-BC2A-7F5284B7D434}
		{6F950BFE-6C94-4F93-BC2A-7F5284B7D434} = {CBDF0CCA-6C94-4F93-BC2A-7F5284B7D434}
		{7D4A481A-6C94-4F93-BC2A-7F5284B7D434} = {6F950BFE-6C94-4F93-BC2A-7F5284B7D434}
		{86D9C41F-6C94-4F93-BC2A-7F5284B7D434} = {6F950BFE-6C94-4F93-BC2A-7F5284B7D434}
		{3A573AA3-6C94-4F93-BC2A-7F5284B7D434} = {6F950BFE-6C94-4F93-BC2A-7F5284B7D434}
		{D926FED3-6C94-4F93-BC2A-7F5284B7D434} = {6F950BFE-6C94-4F93-BC2A-7F5284B7D434}
		{7637C979-6C94-4F93-BC2A-7F5284B7D434} = {6F950BFE-6C94-4F93-BC2A-7F5284B7D434}
		{1A6ED37C-6C94-4F93-BC2A-7F5284B7D434} = {6F950BFE-6C94-4F93-BC2A-7F5284B7D434}
		{0CFAA121-6C94-4F93-BC2A-7F5284B7D434} = {6F950BFE-6C94-4F93-BC2A-7F5284B7D434}
		{D6F06568-6C94-4F93-BC2A-7F5284B7D434} = {6F950BFE-6C94-4F93-BC2A-7F5284B7D434}
		{92AE7F44-6C94-4F93-BC2A-7F5284B7D434} = {6F950BFE-6C94-4F93-BC2A-7F5284B7D434}
		{587E10B3-6C94-4F93-BC2A-7F5284B7D434} = {6F950BFE-6C94-4F93-BC2A-7F5284B7D434}
		{5E8AEDE3-6C94-4F93-BC2A-7F5284B7D434} = {6F950BFE-6C94-4F93-BC2A-7F5284B7D434}
		{EC5266E1-6C94-4F93-BC2A-7F5284B7D434} = {5E8AEDE3-6C94-4F93-BC2A-7F5284B7D434}
		{0271BBBB-6C94-4F93-BC2A-7F5284B7D434} = {6F950BFE-6C94-4F93-BC2A-7F5284B7D434}
	EndGlobalSection
EndGlobal
