Microsoft Visual Studio Solution File, Format Version 12.00
# Visual Studio 14
VisualStudioVersion = 14.0.22823.1
MinimumVisualStudioVersion = 10.0.40219.1
Project("{8BC9CEB8-8B4A-11D0-8D11-00A0C91BC942}") = "unit_test", "application\unit_test\unit_test.vcxproj", "{5B0ECA77-6C94-4F93-BC2A-7F5284B7D434}"
EndProject
Project("{8BC9CEB8-8B4A-11D0-8D11-00A0C91BC942}") = "dsc_common", "staticlib\dsc_common\dsc_common.vcxproj", "{84F84FC5-6C94-4F93-BC2A-7F5284B7D434}"
EndProject
Project("{2150E333-8FDC-42A3-9474-1A3956D46DE8}") = "application", "application", "{A45BDDC1-6C94-4F93-BC2A-7F5284B7D434}"
EndProject
Project("{2150E333-8FDC-42A3-9474-1A3956D46DE8}") = "parent", "parent", "{3D8E604F-6C94-4F93-BC2A-7F5284B7D434}"
	ProjectSection(SolutionItems) = preProject
		..\.gitignore = ..\.gitignore
		..\README.md = ..\README.md
		..\Reset.cmd = ..\Reset.cmd
		..\commit.cmd = ..\commit.cmd
		..\launch_visual_studio_code.cmd = ..\launch_visual_studio_code.cmd
		..\notes.txt = ..\notes.txt
		..\sync.cmd = ..\sync.cmd
		..\todo.txt = ..\todo.txt
	EndProjectSection
EndProject
Project("{2150E333-8FDC-42A3-9474-1A3956D46DE8}") = "solution_items", "solution_items", "{CBDF0CCA-6C94-4F93-BC2A-7F5284B7D434}"
	ProjectSection(SolutionItems) = preProject
		dsc.bff = dsc.bff
		dsc.cmd = dsc.cmd
		todo.txt = todo.txt
	EndProjectSection
EndProject
Project("{2150E333-8FDC-42A3-9474-1A3956D46DE8}") = "application", "application", "{A9795628-6C94-4F93-BC2A-7F5284B7D434}"
	ProjectSection(SolutionItems) = preProject
		application\dsc.bff = application\dsc.bff
	EndProjectSection
EndProject
Project("{2150E333-8FDC-42A3-9474-1A3956D46DE8}") = "unit_test", "unit_test", "{CEFCE296-6C94-4F93-BC2A-7F5284B7D434}"
	ProjectSection(SolutionItems) = preProject
		application\unit_test\dsc.bff = application\unit_test\dsc.bff
	EndProjectSection
EndProject
Project("{2150E333-8FDC-42A3-9474-1A3956D46DE8}") = "fbuild", "fbuild", "{6970340D-6C94-4F93-BC2A-7F5284B7D434}"
	ProjectSection(SolutionItems) = preProject
		fbuild\dsc.bff = fbuild\dsc.bff
	EndProjectSection
EndProject
Project("{2150E333-8FDC-42A3-9474-1A3956D46DE8}") = "visualstudio", "visualstudio", "{F38DCC4D-6C94-4F93-BC2A-7F5284B7D434}"
	ProjectSection(SolutionItems) = preProject
		fbuild\visualstudio\visualstudio.bff = fbuild\visualstudio\visualstudio.bff
		fbuild\visualstudio\vs2019.bff = fbuild\visualstudio\vs2019.bff
		fbuild\visualstudio\vs2022.bff = fbuild\visualstudio\vs2022.bff
	EndProjectSection
EndProject
Project("{2150E333-8FDC-42A3-9474-1A3956D46DE8}") = "windows", "windows", "{4109EF68-6C94-4F93-BC2A-7F5284B7D434}"
	ProjectSection(SolutionItems) = preProject
		fbuild\windows\windows.bff = fbuild\windows\windows.bff
		fbuild\windows\windows10sdk.bff = fbuild\windows\windows10sdk.bff
	EndProjectSection
EndProject
Project("{2150E333-8FDC-42A3-9474-1A3956D46DE8}") = "staticlib", "staticlib", "{6F950BFE-6C94-4F93-BC2A-7F5284B7D434}"
	ProjectSection(SolutionItems) = preProject
		staticlib\dsc.bff = staticlib\dsc.bff
	EndProjectSection
EndProject
Project("{2150E333-8FDC-42A3-9474-1A3956D46DE8}") = "dsc_common", "dsc_common", "{7D4A481A-6C94-4F93-BC2A-7F5284B7D434}"
	ProjectSection(SolutionItems) = preProject
		staticlib\dsc_common\dsc.bff = staticlib\dsc_common\dsc.bff
	EndProjectSection
EndProject
Project("{2150E333-8FDC-42A3-9474-1A3956D46DE8}") = "staticlib", "staticlib", "{51B0D35D-6C94-4F93-BC2A-7F5284B7D434}"
EndProject
Global
	GlobalSection(SolutionConfigurationPlatforms) = preSolution
		debug|x64 = debug|x64
		release|x64 = release|x64
	EndGlobalSection
	GlobalSection(ProjectConfigurationPlatforms) = postSolution
		{5B0ECA77-6C94-4F93-BC2A-7F5284B7D434}.debug|x64.ActiveCfg = debug|x64
		{5B0ECA77-6C94-4F93-BC2A-7F5284B7D434}.debug|x64.Build.0 = debug|x64
		{5B0ECA77-6C94-4F93-BC2A-7F5284B7D434}.release|x64.ActiveCfg = release|x64
		{5B0ECA77-6C94-4F93-BC2A-7F5284B7D434}.release|x64.Build.0 = release|x64
		{84F84FC5-6C94-4F93-BC2A-7F5284B7D434}.debug|x64.ActiveCfg = debug|x64
		{84F84FC5-6C94-4F93-BC2A-7F5284B7D434}.release|x64.ActiveCfg = release|x64
	EndGlobalSection
	GlobalSection(SolutionProperties) = preSolution
		HideSolutionNode = FALSE
	EndGlobalSection
	GlobalSection(NestedProjects) = preSolution
		{5B0ECA77-6C94-4F93-BC2A-7F5284B7D434} = {A45BDDC1-6C94-4F93-BC2A-7F5284B7D434}
		{84F84FC5-6C94-4F93-BC2A-7F5284B7D434} = {51B0D35D-6C94-4F93-BC2A-7F5284B7D434}
		{A9795628-6C94-4F93-BC2A-7F5284B7D434} = {CBDF0CCA-6C94-4F93-BC2A-7F5284B7D434}
		{CEFCE296-6C94-4F93-BC2A-7F5284B7D434} = {A9795628-6C94-4F93-BC2A-7F5284B7D434}
		{6970340D-6C94-4F93-BC2A-7F5284B7D434} = {CBDF0CCA-6C94-4F93-BC2A-7F5284B7D434}
		{F38DCC4D-6C94-4F93-BC2A-7F5284B7D434} = {6970340D-6C94-4F93-BC2A-7F5284B7D434}
		{4109EF68-6C94-4F93-BC2A-7F5284B7D434} = {6970340D-6C94-4F93-BC2A-7F5284B7D434}
		{6F950BFE-6C94-4F93-BC2A-7F5284B7D434} = {CBDF0CCA-6C94-4F93-BC2A-7F5284B7D434}
		{7D4A481A-6C94-4F93-BC2A-7F5284B7D434} = {6F950BFE-6C94-4F93-BC2A-7F5284B7D434}
	EndGlobalSection
EndGlobal
