<?xml version="1.0" encoding="utf-8"?>
<Project ToolsVersion="4.0" xmlns="http://schemas.microsoft.com/developer/msbuild/2003">
  <ItemGroup>
    <CustomBuild Include="dsc.bff">
    </CustomBuild>
    <CustomBuild Include="dsc_common\angle.cpp">
      <Filter>dsc_common</Filter>
    </CustomBuild>
    <CustomBuild Include="dsc_common\angle.h">
      <Filter>dsc_common</Filter>
    </CustomBuild>
    <CustomBuild Include="dsc_common\common.cpp">
      <Filter>dsc_common</Filter>
    </CustomBuild>
    <CustomBuild Include="dsc_common\common.h">
      <Filter>dsc_common</Filter>
    </CustomBuild>
    <CustomBuild Include="dsc_common\math.cpp">
      <Filter>dsc_common</Filter>
    </CustomBuild>
    <CustomBuild Include="dsc_common\math.h">
      <Filter>dsc_common</Filter>
    </CustomBuild>
  </ItemGroup>
  <ItemGroup>
    <Filter Include="dsc_common">
      <UniqueIdentifier>{efde24f9-6c94-4f93-bc2a-7f5284b7d434}</UniqueIdentifier>
    </Filter>
  </ItemGroup>
</Project>