<?xml version="1.0" encoding="utf-8"?>
<Project ToolsVersion="4.0" xmlns="http://schemas.microsoft.com/developer/msbuild/2003">
  <ItemGroup>
    <CustomBuild Include="dsc.bff">
    </CustomBuild>
    <CustomBuild Include="dsc_common\data_helper.cpp">
      <Filter>dsc_common</Filter>
    </CustomBuild>
    <CustomBuild Include="dsc_common\data_helper.h">
      <Filter>dsc_common</Filter>
    </CustomBuild>
    <CustomBuild Include="dsc_common\dsc_common.cpp">
      <Filter>dsc_common</Filter>
    </CustomBuild>
    <CustomBuild Include="dsc_common\dsc_common.h">
      <Filter>dsc_common</Filter>
    </CustomBuild>
    <CustomBuild Include="dsc_common\enum_soft_bind.cpp">
      <Filter>dsc_common</Filter>
    </CustomBuild>
    <CustomBuild Include="dsc_common\enum_soft_bind.h">
      <Filter>dsc_common</Filter>
    </CustomBuild>
    <CustomBuild Include="dsc_common\file_overlay_local.cpp">
      <Filter>dsc_common</Filter>
    </CustomBuild>
    <CustomBuild Include="dsc_common\file_overlay_local.h">
      <Filter>dsc_common</Filter>
    </CustomBuild>
    <CustomBuild Include="dsc_common\file_system.cpp">
      <Filter>dsc_common</Filter>
    </CustomBuild>
    <CustomBuild Include="dsc_common\file_system.h">
      <Filter>dsc_common</Filter>
    </CustomBuild>
    <CustomBuild Include="dsc_common\i_file_overlay.cpp">
      <Filter>dsc_common</Filter>
    </CustomBuild>
    <CustomBuild Include="dsc_common\i_file_overlay.h">
      <Filter>dsc_common</Filter>
    </CustomBuild>
    <CustomBuild Include="dsc_common\i_log_consumer.cpp">
      <Filter>dsc_common</Filter>
    </CustomBuild>
    <CustomBuild Include="dsc_common\i_log_consumer.h">
      <Filter>dsc_common</Filter>
    </CustomBuild>
    <CustomBuild Include="dsc_common\log_consumer_output_debug_string.cpp">
      <Filter>dsc_common</Filter>
    </CustomBuild>
    <CustomBuild Include="dsc_common\log_consumer_output_debug_string.h">
      <Filter>dsc_common</Filter>
    </CustomBuild>
    <CustomBuild Include="dsc_common\log_consumer_std_out.cpp">
      <Filter>dsc_common</Filter>
    </CustomBuild>
    <CustomBuild Include="dsc_common\log_consumer_std_out.h">
      <Filter>dsc_common</Filter>
    </CustomBuild>
    <CustomBuild Include="dsc_common\log_system.cpp">
      <Filter>dsc_common</Filter>
    </CustomBuild>
    <CustomBuild Include="dsc_common\log_system.h">
      <Filter>dsc_common</Filter>
    </CustomBuild>
    <CustomBuild Include="dsc_common\math.cpp">
      <Filter>dsc_common</Filter>
    </CustomBuild>
    <CustomBuild Include="dsc_common\math.h">
      <Filter>dsc_common</Filter>
    </CustomBuild>
    <CustomBuild Include="dsc_common\math_angle.cpp">
      <Filter>dsc_common</Filter>
    </CustomBuild>
    <CustomBuild Include="dsc_common\math_angle.h">
      <Filter>dsc_common</Filter>
    </CustomBuild>
    <CustomBuild Include="dsc_common\timer.cpp">
      <Filter>dsc_common</Filter>
    </CustomBuild>
    <CustomBuild Include="dsc_common\timer.h">
      <Filter>dsc_common</Filter>
    </CustomBuild>
    <CustomBuild Include="dsc_common\utf8.cpp">
      <Filter>dsc_common</Filter>
    </CustomBuild>
    <CustomBuild Include="dsc_common\utf8.h">
      <Filter>dsc_common</Filter>
    </CustomBuild>
    <CustomBuild Include="dsc_common\vector_2.h">
      <Filter>dsc_common</Filter>
    </CustomBuild>
    <CustomBuild Include="dsc_common\vector_4.h">
      <Filter>dsc_common</Filter>
    </CustomBuild>
    <CustomBuild Include="dsc_common\vector_float2.cpp">
      <Filter>dsc_common</Filter>
    </CustomBuild>
    <CustomBuild Include="dsc_common\vector_float2.h">
      <Filter>dsc_common</Filter>
    </CustomBuild>
    <CustomBuild Include="dsc_common\vector_float4.cpp">
      <Filter>dsc_common</Filter>
    </CustomBuild>
    <CustomBuild Include="dsc_common\vector_float4.h">
      <Filter>dsc_common</Filter>
    </CustomBuild>
    <CustomBuild Include="dsc_common\vector_int2.cpp">
      <Filter>dsc_common</Filter>
    </CustomBuild>
    <CustomBuild Include="dsc_common\vector_int2.h">
      <Filter>dsc_common</Filter>
    </CustomBuild>
    <CustomBuild Include="dsc_common\vector_int4.cpp">
      <Filter>dsc_common</Filter>
    </CustomBuild>
    <CustomBuild Include="dsc_common\vector_int4.h">
      <Filter>dsc_common</Filter>
    </CustomBuild>
  </ItemGroup>
  <ItemGroup>
    <Filter Include="dsc_common">
      <UniqueIdentifier>{efde24f9-6c94-4f93-bc2a-7f5284b7d434}</UniqueIdentifier>
    </Filter>
  </ItemGroup>
</Project>